Microsoft Visual Studio Solution File, Format Version 11.00
# Visual Studio 2008

Project("{69CFDE5B-FEA3-38DE-2CEE-C9C8B9114D7A}") = "Build Your Game - Unity Per Principianti", "Assembly-CSharp.csproj", "{F51C4EA7-3672-0A90-AEB4-94A27CFFC6B0}"
EndProject
Global
	GlobalSection(SolutionConfigurationPlatforms) = preSolution
		Debug|Any CPU = Debug|Any CPU
		Release|Any CPU = Release|Any CPU
	EndGlobalSection
	GlobalSection(ProjectConfigurationPlatforms) = postSolution
		{F51C4EA7-3672-0A90-AEB4-94A27CFFC6B0}.Debug|Any CPU.ActiveCfg = Debug|Any CPU
		{F51C4EA7-3672-0A90-AEB4-94A27CFFC6B0}.Debug|Any CPU.Build.0 = Debug|Any CPU
		{F51C4EA7-3672-0A90-AEB4-94A27CFFC6B0}.Release|Any CPU.ActiveCfg = Release|Any CPU
		{F51C4EA7-3672-0A90-AEB4-94A27CFFC6B0}.Release|Any CPU.Build.0 = Release|Any CPU
	EndGlobalSection
	GlobalSection(SolutionProperties) = preSolution
		HideSolutionNode = FALSE
	EndGlobalSection
	GlobalSection(MonoDevelopProperties) = preSolution
		StartupItem = Assembly-CSharp.csproj
	EndGlobalSection
EndGlobal
